
Microsoft Visual Studio Solution File, Format Version 12.00
# Visual Studio Version 17
VisualStudioVersion = 17.0.33502.349
MinimumVisualStudioVersion = 10.0.40219.1
Project("{FAE04EC0-301F-11D3-BF4B-00C04F79EFBC}") = "Kur", "Kur\Kur.csproj", "{2911350E-E863-4FFA-9D5B-C0643CF741EB}"
EndProject
Global
	GlobalSection(SolutionConfigurationPlatforms) = preSolution
		Debug|Any CPU = Debug|Any CPU
		Release|Any CPU = Release|Any CPU
	EndGlobalSection
	GlobalSection(ProjectConfigurationPlatforms) = postSolution
		{2911350E-E863-4FFA-9D5B-C0643CF741EB}.Debug|Any CPU.ActiveCfg = Debug|Any CPU
		{2911350E-E863-4FFA-9D5B-C0643CF741EB}.Debug|Any CPU.Build.0 = Debug|Any CPU
		{2911350E-E863-4FFA-9D5B-C0643CF741EB}.Release|Any CPU.ActiveCfg = Release|Any CPU
		{2911350E-E863-4FFA-9D5B-C0643CF741EB}.Release|Any CPU.Build.0 = Release|Any CPU
	EndGlobalSection
	GlobalSection(SolutionProperties) = preSolution
		HideSolutionNode = FALSE
	EndGlobalSection
	GlobalSection(ExtensibilityGlobals) = postSolution
		SolutionGuid = {6D2D9BD4-6124-4C4F-ADBF-52EF9BE7238C}
	EndGlobalSection
EndGlobal
